
Microsoft Visual Studio Solution File, Format Version 12.00
# Visual Studio Version 17
VisualStudioVersion = 17.7.34031.279
MinimumVisualStudioVersion = 10.0.40219.1
Project("{FAE04EC0-301F-11D3-BF4B-00C04F79EFBC}") = "Group1.3-GradingSystem", "Group1.3-GradingSystem\Group1.3-GradingSystem.csproj", "{FA4C0DA5-4F6D-4FBC-BEF8-2F1AA20BC215}"
EndProject
Global
	GlobalSection(SolutionConfigurationPlatforms) = preSolution
		Debug|Any CPU = Debug|Any CPU
		Release|Any CPU = Release|Any CPU
	EndGlobalSection
	GlobalSection(ProjectConfigurationPlatforms) = postSolution
		{FA4C0DA5-4F6D-4FBC-BEF8-2F1AA20BC215}.Debug|Any CPU.ActiveCfg = Debug|Any CPU
		{FA4C0DA5-4F6D-4FBC-BEF8-2F1AA20BC215}.Debug|Any CPU.Build.0 = Debug|Any CPU
		{FA4C0DA5-4F6D-4FBC-BEF8-2F1AA20BC215}.Release|Any CPU.ActiveCfg = Release|Any CPU
		{FA4C0DA5-4F6D-4FBC-BEF8-2F1AA20BC215}.Release|Any CPU.Build.0 = Release|Any CPU
	EndGlobalSection
	GlobalSection(SolutionProperties) = preSolution
		HideSolutionNode = FALSE
	EndGlobalSection
	GlobalSection(ExtensibilityGlobals) = postSolution
		SolutionGuid = {FDFF386E-F9BE-41A2-A26D-1A8E33A1D7E3}
	EndGlobalSection
EndGlobal
